
Microsoft Visual Studio Solution File, Format Version 12.00
# Visual Studio Version 17
VisualStudioVersion = 17.0.31903.59
MinimumVisualStudioVersion = 10.0.40219.1
Project("{FAE04EC0-301F-11D3-BF4B-00C04F79EFBC}") = "Lithium", "Lithium\Lithium.csproj", "{1B2C2CFB-A0EE-4782-B502-A604FB121D4D}"
EndProject
Project("{FAE04EC0-301F-11D3-BF4B-00C04F79EFBC}") = "UnitTest", "UnitTest\UnitTest.csproj", "{2770CEC3-5B19-41BA-972B-5796B3EF9DA5}"
EndProject
Project("{FAE04EC0-301F-11D3-BF4B-00C04F79EFBC}") = "LithiumTestHelper", "LithiumTestHelper\LithiumTestHelper.csproj", "{5D6ACAC7-0235-4C45-95EE-AE0AA5F0365D}"
EndProject
Global
	GlobalSection(SolutionConfigurationPlatforms) = preSolution
		Debug|Any CPU = Debug|Any CPU
		Release|Any CPU = Release|Any CPU
	EndGlobalSection
	GlobalSection(SolutionProperties) = preSolution
		HideSolutionNode = FALSE
	EndGlobalSection
	GlobalSection(ProjectConfigurationPlatforms) = postSolution
		{1B2C2CFB-A0EE-4782-B502-A604FB121D4D}.Debug|Any CPU.ActiveCfg = Debug|Any CPU
		{1B2C2CFB-A0EE-4782-B502-A604FB121D4D}.Debug|Any CPU.Build.0 = Debug|Any CPU
		{1B2C2CFB-A0EE-4782-B502-A604FB121D4D}.Release|Any CPU.ActiveCfg = Release|Any CPU
		{1B2C2CFB-A0EE-4782-B502-A604FB121D4D}.Release|Any CPU.Build.0 = Release|Any CPU
		{2770CEC3-5B19-41BA-972B-5796B3EF9DA5}.Debug|Any CPU.ActiveCfg = Debug|Any CPU
		{2770CEC3-5B19-41BA-972B-5796B3EF9DA5}.Debug|Any CPU.Build.0 = Debug|Any CPU
		{2770CEC3-5B19-41BA-972B-5796B3EF9DA5}.Release|Any CPU.ActiveCfg = Release|Any CPU
		{2770CEC3-5B19-41BA-972B-5796B3EF9DA5}.Release|Any CPU.Build.0 = Release|Any CPU
		{5D6ACAC7-0235-4C45-95EE-AE0AA5F0365D}.Debug|Any CPU.ActiveCfg = Debug|Any CPU
		{5D6ACAC7-0235-4C45-95EE-AE0AA5F0365D}.Debug|Any CPU.Build.0 = Debug|Any CPU
		{5D6ACAC7-0235-4C45-95EE-AE0AA5F0365D}.Release|Any CPU.ActiveCfg = Release|Any CPU
		{5D6ACAC7-0235-4C45-95EE-AE0AA5F0365D}.Release|Any CPU.Build.0 = Release|Any CPU
	EndGlobalSection
EndGlobal
